
Microsoft Visual Studio Solution File, Format Version 12.00
# Visual Studio 15
VisualStudioVersion = 15.0.27130.2036
MinimumVisualStudioVersion = 10.0.40219.1
Project("{FAE04EC0-301F-11D3-BF4B-00C04F79EFBC}") = "Mybrary", "Mybrary\Mybrary.csproj", "{B700DE92-389E-4A1F-A546-F3888C08DA8E}"
EndProject
Global
	GlobalSection(SolutionConfigurationPlatforms) = preSolution
		Debug|Any CPU = Debug|Any CPU
		Release|Any CPU = Release|Any CPU
	EndGlobalSection
	GlobalSection(ProjectConfigurationPlatforms) = postSolution
		{B700DE92-389E-4A1F-A546-F3888C08DA8E}.Debug|Any CPU.ActiveCfg = Debug|Any CPU
		{B700DE92-389E-4A1F-A546-F3888C08DA8E}.Debug|Any CPU.Build.0 = Debug|Any CPU
		{B700DE92-389E-4A1F-A546-F3888C08DA8E}.Release|Any CPU.ActiveCfg = Release|Any CPU
		{B700DE92-389E-4A1F-A546-F3888C08DA8E}.Release|Any CPU.Build.0 = Release|Any CPU
	EndGlobalSection
	GlobalSection(SolutionProperties) = preSolution
		HideSolutionNode = FALSE
	EndGlobalSection
	GlobalSection(ExtensibilityGlobals) = postSolution
		SolutionGuid = {0EA8E1C6-5B8E-4AF0-9C94-B6E26D952116}
	EndGlobalSection
EndGlobal
